
Microsoft Visual Studio Solution File, Format Version 12.00
# Visual Studio 15
VisualStudioVersion = 15.0.28307.136
MinimumVisualStudioVersion = 10.0.40219.1
Project("{9A19103F-16F7-4668-BE54-9A1E7A4F7556}") = "MVCDemo", "MVCDemo\MVCDemo.csproj", "{ED409720-2CCF-48B8-B4A0-D51A969FFA90}"
EndProject
Project("{9A19103F-16F7-4668-BE54-9A1E7A4F7556}") = "MVCDemo.DataAccess", "..\..\day3\MVCDemo.DataAccess\MVCDemo.DataAccess.csproj", "{4ED70AA6-2DD4-4958-9181-BBC90455CF07}"
EndProject
Project("{FAE04EC0-301F-11D3-BF4B-00C04F79EFBC}") = "MVCDemo.Testing", "MVCDemo.Testing\MVCDemo.Testing.csproj", "{A7024DFB-7D93-4B21-80F7-24D9AE97C615}"
EndProject
Global
	GlobalSection(SolutionConfigurationPlatforms) = preSolution
		Debug|Any CPU = Debug|Any CPU
		Release|Any CPU = Release|Any CPU
	EndGlobalSection
	GlobalSection(ProjectConfigurationPlatforms) = postSolution
		{ED409720-2CCF-48B8-B4A0-D51A969FFA90}.Debug|Any CPU.ActiveCfg = Debug|Any CPU
		{ED409720-2CCF-48B8-B4A0-D51A969FFA90}.Debug|Any CPU.Build.0 = Debug|Any CPU
		{ED409720-2CCF-48B8-B4A0-D51A969FFA90}.Release|Any CPU.ActiveCfg = Release|Any CPU
		{ED409720-2CCF-48B8-B4A0-D51A969FFA90}.Release|Any CPU.Build.0 = Release|Any CPU
		{4ED70AA6-2DD4-4958-9181-BBC90455CF07}.Debug|Any CPU.ActiveCfg = Debug|Any CPU
		{4ED70AA6-2DD4-4958-9181-BBC90455CF07}.Debug|Any CPU.Build.0 = Debug|Any CPU
		{4ED70AA6-2DD4-4958-9181-BBC90455CF07}.Release|Any CPU.ActiveCfg = Release|Any CPU
		{4ED70AA6-2DD4-4958-9181-BBC90455CF07}.Release|Any CPU.Build.0 = Release|Any CPU
		{A7024DFB-7D93-4B21-80F7-24D9AE97C615}.Debug|Any CPU.ActiveCfg = Debug|Any CPU
		{A7024DFB-7D93-4B21-80F7-24D9AE97C615}.Debug|Any CPU.Build.0 = Debug|Any CPU
		{A7024DFB-7D93-4B21-80F7-24D9AE97C615}.Release|Any CPU.ActiveCfg = Release|Any CPU
		{A7024DFB-7D93-4B21-80F7-24D9AE97C615}.Release|Any CPU.Build.0 = Release|Any CPU
	EndGlobalSection
	GlobalSection(SolutionProperties) = preSolution
		HideSolutionNode = FALSE
	EndGlobalSection
	GlobalSection(ExtensibilityGlobals) = postSolution
		SolutionGuid = {CB22C1F4-CE6B-4CCD-91B0-5E2D19B0F808}
	EndGlobalSection
EndGlobal
