
Microsoft Visual Studio Solution File, Format Version 12.00
# Visual Studio 15
VisualStudioVersion = 15.0.28307.106
MinimumVisualStudioVersion = 10.0.40219.1
Project("{FAE04EC0-301F-11D3-BF4B-00C04F79EFBC}") = "ExceptionHandling1", "ExceptionHandling1\ExceptionHandling1.csproj", "{245F8F89-9709-4DCA-A6BC-1CE664B02B98}"
EndProject
Global
	GlobalSection(SolutionConfigurationPlatforms) = preSolution
		Debug|Any CPU = Debug|Any CPU
		Release|Any CPU = Release|Any CPU
	EndGlobalSection
	GlobalSection(ProjectConfigurationPlatforms) = postSolution
		{245F8F89-9709-4DCA-A6BC-1CE664B02B98}.Debug|Any CPU.ActiveCfg = Debug|Any CPU
		{245F8F89-9709-4DCA-A6BC-1CE664B02B98}.Debug|Any CPU.Build.0 = Debug|Any CPU
		{245F8F89-9709-4DCA-A6BC-1CE664B02B98}.Release|Any CPU.ActiveCfg = Release|Any CPU
		{245F8F89-9709-4DCA-A6BC-1CE664B02B98}.Release|Any CPU.Build.0 = Release|Any CPU
	EndGlobalSection
	GlobalSection(SolutionProperties) = preSolution
		HideSolutionNode = FALSE
	EndGlobalSection
	GlobalSection(ExtensibilityGlobals) = postSolution
		SolutionGuid = {DDD5C6B7-EACD-4135-BD13-ADA3DE2F7852}
	EndGlobalSection
EndGlobal
